
Microsoft Visual Studio Solution File, Format Version 12.00
# Visual Studio Version 17
VisualStudioVersion = 17.6.33723.286
MinimumVisualStudioVersion = 10.0.40219.1
Project("{FAE04EC0-301F-11D3-BF4B-00C04F79EFBC}") = "KubernetesPodsAPI", "KubernetesPodsAPI\KubernetesPodsAPI.csproj", "{212A0356-EDF3-4C41-ABB3-5B702C20EE3B}"
EndProject
Global
	GlobalSection(SolutionConfigurationPlatforms) = preSolution
		Debug|Any CPU = Debug|Any CPU
		Release|Any CPU = Release|Any CPU
	EndGlobalSection
	GlobalSection(ProjectConfigurationPlatforms) = postSolution
		{212A0356-EDF3-4C41-ABB3-5B702C20EE3B}.Debug|Any CPU.ActiveCfg = Debug|Any CPU
		{212A0356-EDF3-4C41-ABB3-5B702C20EE3B}.Debug|Any CPU.Build.0 = Debug|Any CPU
		{212A0356-EDF3-4C41-ABB3-5B702C20EE3B}.Release|Any CPU.ActiveCfg = Release|Any CPU
		{212A0356-EDF3-4C41-ABB3-5B702C20EE3B}.Release|Any CPU.Build.0 = Release|Any CPU
	EndGlobalSection
	GlobalSection(SolutionProperties) = preSolution
		HideSolutionNode = FALSE
	EndGlobalSection
	GlobalSection(ExtensibilityGlobals) = postSolution
		SolutionGuid = {DA4D52D5-7953-409B-A501-E7129BC7504B}
	EndGlobalSection
EndGlobal
